// !$*UTF8*$!
{
	archiveVersion = 1;
	classes = {
	};
	objectVersion = 51;
	objects = {

/* Begin PBXBuildFile section */
		D4B42BCE2639179A00446B17 /* AppDelegate.swift in Sources */ = {isa = PBXBuildFile; fileRef = D4B42BCD2639179A00446B17 /* AppDelegate.swift */; };
		D4B42BD22639179A00446B17 /* ViewController.swift in Sources */ = {isa = PBXBuildFile; fileRef = D4B42BD12639179A00446B17 /* ViewController.swift */; };
		D4B42BD52639179A00446B17 /* Main.storyboard in Resources */ = {isa = PBXBuildFile; fileRef = D4B42BD32639179A00446B17 /* Main.storyboard */; };
		D4B42BD72639179D00446B17 /* Assets.xcassets in Resources */ = {isa = PBXBuildFile; fileRef = D4B42BD62639179D00446B17 /* Assets.xcassets */; };
		D4B42BDA2639179D00446B17 /* LaunchScreen.storyboard in Resources */ = {isa = PBXBuildFile; fileRef = D4B42BD82639179D00446B17 /* LaunchScreen.storyboard */; };
		D4B42BE52639179D00446B17 /* SimpleTableViewControllerTests.swift in Sources */ = {isa = PBXBuildFile; fileRef = D4B42BE42639179D00446B17 /* SimpleTableViewControllerTests.swift */; };
		D4B42BF02639179D00446B17 /* SimpleTableViewControllerUITests.swift in Sources */ = {isa = PBXBuildFile; fileRef = D4B42BEF2639179D00446B17 /* SimpleTableViewControllerUITests.swift */; };
		D4B42C04263917D500446B17 /* SimpleTableViewController.swift in Sources */ = {isa = PBXBuildFile; fileRef = D4B42C02263917D500446B17 /* SimpleTableViewController.swift */; };
		D4B42C1926391A7E00446B17 /* TestModel.swift in Sources */ = {isa = PBXBuildFile; fileRef = D4B42C1826391A7E00446B17 /* TestModel.swift */; };
		D4B42C2126391A9800446B17 /* TestTableViewCell.swift in Sources */ = {isa = PBXBuildFile; fileRef = D4B42C2026391A9800446B17 /* TestTableViewCell.swift */; };
		D4B42C2726391AF400446B17 /* LocalStorageManager.swift in Sources */ = {isa = PBXBuildFile; fileRef = D4B42C2626391AF400446B17 /* LocalStorageManager.swift */; };
		EFBC2A89970472256E8647DD /* Pods_SimpleTableViewController.framework in Frameworks */ = {isa = PBXBuildFile; fileRef = 081AE9064905EAE0E2990328 /* Pods_SimpleTableViewController.framework */; };
/* End PBXBuildFile section */

/* Begin PBXContainerItemProxy section */
		D4B42BE12639179D00446B17 /* PBXContainerItemProxy */ = {
			isa = PBXContainerItemProxy;
			containerPortal = D4B42BC22639179A00446B17 /* Project object */;
			proxyType = 1;
			remoteGlobalIDString = D4B42BC92639179A00446B17;
			remoteInfo = SimpleTableViewController;
		};
		D4B42BEC2639179D00446B17 /* PBXContainerItemProxy */ = {
			isa = PBXContainerItemProxy;
			containerPortal = D4B42BC22639179A00446B17 /* Project object */;
			proxyType = 1;
			remoteGlobalIDString = D4B42BC92639179A00446B17;
			remoteInfo = SimpleTableViewController;
		};
/* End PBXContainerItemProxy section */

/* Begin PBXFileReference section */
		081AE9064905EAE0E2990328 /* Pods_SimpleTableViewController.framework */ = {isa = PBXFileReference; explicitFileType = wrapper.framework; includeInIndex = 0; path = Pods_SimpleTableViewController.framework; sourceTree = BUILT_PRODUCTS_DIR; };
		A41C7B887ECAAE656A4FE04B /* Pods-SimpleTableViewController.release.xcconfig */ = {isa = PBXFileReference; includeInIndex = 1; lastKnownFileType = text.xcconfig; name = "Pods-SimpleTableViewController.release.xcconfig"; path = "Target Support Files/Pods-SimpleTableViewController/Pods-SimpleTableViewController.release.xcconfig"; sourceTree = "<group>"; };
		D4B42BCA2639179A00446B17 /* SimpleTableViewController.app */ = {isa = PBXFileReference; explicitFileType = wrapper.application; includeInIndex = 0; path = SimpleTableViewController.app; sourceTree = BUILT_PRODUCTS_DIR; };
		D4B42BCD2639179A00446B17 /* AppDelegate.swift */ = {isa = PBXFileReference; lastKnownFileType = sourcecode.swift; path = AppDelegate.swift; sourceTree = "<group>"; };
		D4B42BD12639179A00446B17 /* ViewController.swift */ = {isa = PBXFileReference; lastKnownFileType = sourcecode.swift; path = ViewController.swift; sourceTree = "<group>"; };
		D4B42BD42639179A00446B17 /* Base */ = {isa = PBXFileReference; lastKnownFileType = file.storyboard; name = Base; path = Base.lproj/Main.storyboard; sourceTree = "<group>"; };
		D4B42BD62639179D00446B17 /* Assets.xcassets */ = {isa = PBXFileReference; lastKnownFileType = folder.assetcatalog; path = Assets.xcassets; sourceTree = "<group>"; };
		D4B42BD92639179D00446B17 /* Base */ = {isa = PBXFileReference; lastKnownFileType = file.storyboard; name = Base; path = Base.lproj/LaunchScreen.storyboard; sourceTree = "<group>"; };
		D4B42BDB2639179D00446B17 /* Info.plist */ = {isa = PBXFileReference; lastKnownFileType = text.plist.xml; path = Info.plist; sourceTree = "<group>"; };
		D4B42BE02639179D00446B17 /* SimpleTableViewControllerTests.xctest */ = {isa = PBXFileReference; explicitFileType = wrapper.cfbundle; includeInIndex = 0; path = SimpleTableViewControllerTests.xctest; sourceTree = BUILT_PRODUCTS_DIR; };
		D4B42BE42639179D00446B17 /* SimpleTableViewControllerTests.swift */ = {isa = PBXFileReference; lastKnownFileType = sourcecode.swift; path = SimpleTableViewControllerTests.swift; sourceTree = "<group>"; };
		D4B42BE62639179D00446B17 /* Info.plist */ = {isa = PBXFileReference; lastKnownFileType = text.plist.xml; path = Info.plist; sourceTree = "<group>"; };
		D4B42BEB2639179D00446B17 /* SimpleTableViewControllerUITests.xctest */ = {isa = PBXFileReference; explicitFileType = wrapper.cfbundle; includeInIndex = 0; path = SimpleTableViewControllerUITests.xctest; sourceTree = BUILT_PRODUCTS_DIR; };
		D4B42BEF2639179D00446B17 /* SimpleTableViewControllerUITests.swift */ = {isa = PBXFileReference; lastKnownFileType = sourcecode.swift; path = SimpleTableViewControllerUITests.swift; sourceTree = "<group>"; };
		D4B42BF12639179D00446B17 /* Info.plist */ = {isa = PBXFileReference; lastKnownFileType = text.plist.xml; path = Info.plist; sourceTree = "<group>"; };
		D4B42C02263917D500446B17 /* SimpleTableViewController.swift */ = {isa = PBXFileReference; fileEncoding = 4; lastKnownFileType = sourcecode.swift; path = SimpleTableViewController.swift; sourceTree = "<group>"; };
		D4B42C1826391A7E00446B17 /* TestModel.swift */ = {isa = PBXFileReference; lastKnownFileType = sourcecode.swift; name = TestModel.swift; path = ../../../TestModel.swift; sourceTree = "<group>"; };
		D4B42C2026391A9800446B17 /* TestTableViewCell.swift */ = {isa = PBXFileReference; lastKnownFileType = sourcecode.swift; name = TestTableViewCell.swift; path = ../../../TestTableViewCell.swift; sourceTree = "<group>"; };
		D4B42C2626391AF400446B17 /* LocalStorageManager.swift */ = {isa = PBXFileReference; fileEncoding = 4; lastKnownFileType = sourcecode.swift; path = LocalStorageManager.swift; sourceTree = "<group>"; };
		F90C42EF91E04623FE52A619 /* Pods-SimpleTableViewController.debug.xcconfig */ = {isa = PBXFileReference; includeInIndex = 1; lastKnownFileType = text.xcconfig; name = "Pods-SimpleTableViewController.debug.xcconfig"; path = "Target Support Files/Pods-SimpleTableViewController/Pods-SimpleTableViewController.debug.xcconfig"; sourceTree = "<group>"; };
/* End PBXFileReference section */

/* Begin PBXFrameworksBuildPhase section */
		D4B42BC72639179A00446B17 /* Frameworks */ = {
			isa = PBXFrameworksBuildPhase;
			buildActionMask = 2147483647;
			files = (
				EFBC2A89970472256E8647DD /* Pods_SimpleTableViewController.framework in Frameworks */,
			);
			runOnlyForDeploymentPostprocessing = 0;
		};
		D4B42BDD2639179D00446B17 /* Frameworks */ = {
			isa = PBXFrameworksBuildPhase;
			buildActionMask = 2147483647;
			files = (
			);
			runOnlyForDeploymentPostprocessing = 0;
		};
		D4B42BE82639179D00446B17 /* Frameworks */ = {
			isa = PBXFrameworksBuildPhase;
			buildActionMask = 2147483647;
			files = (
			);
			runOnlyForDeploymentPostprocessing = 0;
		};
/* End PBXFrameworksBuildPhase section */

/* Begin PBXGroup section */
		1C47D22136233061D6FA02BC /* Pods */ = {
			isa = PBXGroup;
			children = (
				F90C42EF91E04623FE52A619 /* Pods-SimpleTableViewController.debug.xcconfig */,
				A41C7B887ECAAE656A4FE04B /* Pods-SimpleTableViewController.release.xcconfig */,
			);
			path = Pods;
			sourceTree = "<group>";
		};
		A47CAC1D7A8A92D04BC1C9B4 /* Frameworks */ = {
			isa = PBXGroup;
			children = (
				081AE9064905EAE0E2990328 /* Pods_SimpleTableViewController.framework */,
			);
			name = Frameworks;
			sourceTree = "<group>";
		};
		D4B42BC12639179A00446B17 = {
			isa = PBXGroup;
			children = (
				D4B42BCC2639179A00446B17 /* SimpleTableViewController */,
				D4B42BE32639179D00446B17 /* SimpleTableViewControllerTests */,
				D4B42BEE2639179D00446B17 /* SimpleTableViewControllerUITests */,
				D4B42BCB2639179A00446B17 /* Products */,
				1C47D22136233061D6FA02BC /* Pods */,
				A47CAC1D7A8A92D04BC1C9B4 /* Frameworks */,
			);
			sourceTree = "<group>";
		};
		D4B42BCB2639179A00446B17 /* Products */ = {
			isa = PBXGroup;
			children = (
				D4B42BCA2639179A00446B17 /* SimpleTableViewController.app */,
				D4B42BE02639179D00446B17 /* SimpleTableViewControllerTests.xctest */,
				D4B42BEB2639179D00446B17 /* SimpleTableViewControllerUITests.xctest */,
			);
			name = Products;
			sourceTree = "<group>";
		};
		D4B42BCC2639179A00446B17 /* SimpleTableViewController */ = {
			isa = PBXGroup;
			children = (
				D4B42C2526391AE200446B17 /* LocalStorageManager */,
				D4B42C00263917D500446B17 /* SimpleTableViewController */,
				D4B42C1726391A6E00446B17 /* Demo */,
				D4B42BCD2639179A00446B17 /* AppDelegate.swift */,
				D4B42BD12639179A00446B17 /* ViewController.swift */,
				D4B42BD32639179A00446B17 /* Main.storyboard */,
				D4B42BD62639179D00446B17 /* Assets.xcassets */,
				D4B42BD82639179D00446B17 /* LaunchScreen.storyboard */,
				D4B42BDB2639179D00446B17 /* Info.plist */,
			);
			path = SimpleTableViewController;
			sourceTree = "<group>";
		};
		D4B42BE32639179D00446B17 /* SimpleTableViewControllerTests */ = {
			isa = PBXGroup;
			children = (
				D4B42BE42639179D00446B17 /* SimpleTableViewControllerTests.swift */,
				D4B42BE62639179D00446B17 /* Info.plist */,
			);
			path = SimpleTableViewControllerTests;
			sourceTree = "<group>";
		};
		D4B42BEE2639179D00446B17 /* SimpleTableViewControllerUITests */ = {
			isa = PBXGroup;
			children = (
				D4B42BEF2639179D00446B17 /* SimpleTableViewControllerUITests.swift */,
				D4B42BF12639179D00446B17 /* Info.plist */,
			);
			path = SimpleTableViewControllerUITests;
			sourceTree = "<group>";
		};
		D4B42C00263917D500446B17 /* SimpleTableViewController */ = {
			isa = PBXGroup;
			children = (
				D4B42C02263917D500446B17 /* SimpleTableViewController.swift */,
			);
			path = SimpleTableViewController;
			sourceTree = "<group>";
		};
		D4B42C1726391A6E00446B17 /* Demo */ = {
			isa = PBXGroup;
			children = (
				D4B42C1826391A7E00446B17 /* TestModel.swift */,
				D4B42C2026391A9800446B17 /* TestTableViewCell.swift */,
			);
			path = Demo;
			sourceTree = "<group>";
		};
		D4B42C2526391AE200446B17 /* LocalStorageManager */ = {
			isa = PBXGroup;
			children = (
				D4B42C2626391AF400446B17 /* LocalStorageManager.swift */,
			);
			path = LocalStorageManager;
			sourceTree = "<group>";
		};
/* End PBXGroup section */

/* Begin PBXNativeTarget section */
		D4B42BC92639179A00446B17 /* SimpleTableViewController */ = {
			isa = PBXNativeTarget;
			buildConfigurationList = D4B42BF42639179D00446B17 /* Build configuration list for PBXNativeTarget "SimpleTableViewController" */;
			buildPhases = (
				C01E8035C53645F6973E1F8D /* [CP] Check Pods Manifest.lock */,
				D4B42BC62639179A00446B17 /* Sources */,
				D4B42BC72639179A00446B17 /* Frameworks */,
				D4B42BC82639179A00446B17 /* Resources */,
				DC10C4A656319D9D2D8D4BCF /* [CP] Embed Pods Frameworks */,
			);
			buildRules = (
			);
			dependencies = (
			);
			name = SimpleTableViewController;
			productName = SimpleTableViewController;
			productReference = D4B42BCA2639179A00446B17 /* SimpleTableViewController.app */;
			productType = "com.apple.product-type.application";
		};
		D4B42BDF2639179D00446B17 /* SimpleTableViewControllerTests */ = {
			isa = PBXNativeTarget;
			buildConfigurationList = D4B42BF72639179D00446B17 /* Build configuration list for PBXNativeTarget "SimpleTableViewControllerTests" */;
			buildPhases = (
				D4B42BDC2639179D00446B17 /* Sources */,
				D4B42BDD2639179D00446B17 /* Frameworks */,
				D4B42BDE2639179D00446B17 /* Resources */,
			);
			buildRules = (
			);
			dependencies = (
				D4B42BE22639179D00446B17 /* PBXTargetDependency */,
			);
			name = SimpleTableViewControllerTests;
			productName = SimpleTableViewControllerTests;
			productReference = D4B42BE02639179D00446B17 /* SimpleTableViewControllerTests.xctest */;
			productType = "com.apple.product-type.bundle.unit-test";
		};
		D4B42BEA2639179D00446B17 /* SimpleTableViewControllerUITests */ = {
			isa = PBXNativeTarget;
			buildConfigurationList = D4B42BFA2639179D00446B17 /* Build configuration list for PBXNativeTarget "SimpleTableViewControllerUITests" */;
			buildPhases = (
				D4B42BE72639179D00446B17 /* Sources */,
				D4B42BE82639179D00446B17 /* Frameworks */,
				D4B42BE92639179D00446B17 /* Resources */,
			);
			buildRules = (
			);
			dependencies = (
				D4B42BED2639179D00446B17 /* PBXTargetDependency */,
			);
			name = SimpleTableViewControllerUITests;
			productName = SimpleTableViewControllerUITests;
			productReference = D4B42BEB2639179D00446B17 /* SimpleTableViewControllerUITests.xctest */;
			productType = "com.apple.product-type.bundle.ui-testing";
		};
/* End PBXNativeTarget section */

/* Begin PBXProject section */
		D4B42BC22639179A00446B17 /* Project object */ = {
			isa = PBXProject;
			attributes = {
				LastSwiftUpdateCheck = 1230;
				LastUpgradeCheck = 1230;
				TargetAttributes = {
					D4B42BC92639179A00446B17 = {
						CreatedOnToolsVersion = 12.3;
					};
					D4B42BDF2639179D00446B17 = {
						CreatedOnToolsVersion = 12.3;
						TestTargetID = D4B42BC92639179A00446B17;
					};
					D4B42BEA2639179D00446B17 = {
						CreatedOnToolsVersion = 12.3;
						TestTargetID = D4B42BC92639179A00446B17;
					};
				};
			};
			buildConfigurationList = D4B42BC52639179A00446B17 /* Build configuration list for PBXProject "SimpleTableViewController" */;
			compatibilityVersion = "Xcode 9.3";
			developmentRegion = en;
			hasScannedForEncodings = 0;
			knownRegions = (
				en,
				Base,
			);
			mainGroup = D4B42BC12639179A00446B17;
			productRefGroup = D4B42BCB2639179A00446B17 /* Products */;
			projectDirPath = "";
			projectRoot = "";
			targets = (
				D4B42BC92639179A00446B17 /* SimpleTableViewController */,
				D4B42BDF2639179D00446B17 /* SimpleTableViewControllerTests */,
				D4B42BEA2639179D00446B17 /* SimpleTableViewControllerUITests */,
			);
		};
/* End PBXProject section */

/* Begin PBXResourcesBuildPhase section */
		D4B42BC82639179A00446B17 /* Resources */ = {
			isa = PBXResourcesBuildPhase;
			buildActionMask = 2147483647;
			files = (
				D4B42BDA2639179D00446B17 /* LaunchScreen.storyboard in Resources */,
				D4B42BD72639179D00446B17 /* Assets.xcassets in Resources */,
				D4B42BD52639179A00446B17 /* Main.storyboard in Resources */,
			);
			runOnlyForDeploymentPostprocessing = 0;
		};
		D4B42BDE2639179D00446B17 /* Resources */ = {
			isa = PBXResourcesBuildPhase;
			buildActionMask = 2147483647;
			files = (
			);
			runOnlyForDeploymentPostprocessing = 0;
		};
		D4B42BE92639179D00446B17 /* Resources */ = {
			isa = PBXResourcesBuildPhase;
			buildActionMask = 2147483647;
			files = (
			);
			runOnlyForDeploymentPostprocessing = 0;
		};
/* End PBXResourcesBuildPhase section */

/* Begin PBXShellScriptBuildPhase section */
		C01E8035C53645F6973E1F8D /* [CP] Check Pods Manifest.lock */ = {
			isa = PBXShellScriptBuildPhase;
			buildActionMask = 2147483647;
			files = (
			);
			inputFileListPaths = (
			);
			inputPaths = (
				"${PODS_PODFILE_DIR_PATH}/Podfile.lock",
				"${PODS_ROOT}/Manifest.lock",
			);
			name = "[CP] Check Pods Manifest.lock";
			outputFileListPaths = (
			);
			outputPaths = (
				"$(DERIVED_FILE_DIR)/Pods-SimpleTableViewController-checkManifestLockResult.txt",
			);
			runOnlyForDeploymentPostprocessing = 0;
			shellPath = /bin/sh;
			shellScript = "diff \"${PODS_PODFILE_DIR_PATH}/Podfile.lock\" \"${PODS_ROOT}/Manifest.lock\" > /dev/null\nif [ $? != 0 ] ; then\n    # print error to STDERR\n    echo \"error: The sandbox is not in sync with the Podfile.lock. Run 'pod install' or update your CocoaPods installation.\" >&2\n    exit 1\nfi\n# This output is used by Xcode 'outputs' to avoid re-running this script phase.\necho \"SUCCESS\" > \"${SCRIPT_OUTPUT_FILE_0}\"\n";
			showEnvVarsInLog = 0;
		};
		DC10C4A656319D9D2D8D4BCF /* [CP] Embed Pods Frameworks */ = {
			isa = PBXShellScriptBuildPhase;
			buildActionMask = 2147483647;
			files = (
			);
			inputFileListPaths = (
				"${PODS_ROOT}/Target Support Files/Pods-SimpleTableViewController/Pods-SimpleTableViewController-frameworks-${CONFIGURATION}-input-files.xcfilelist",
			);
			name = "[CP] Embed Pods Frameworks";
			outputFileListPaths = (
				"${PODS_ROOT}/Target Support Files/Pods-SimpleTableViewController/Pods-SimpleTableViewController-frameworks-${CONFIGURATION}-output-files.xcfilelist",
			);
			runOnlyForDeploymentPostprocessing = 0;
			shellPath = /bin/sh;
			shellScript = "\"${PODS_ROOT}/Target Support Files/Pods-SimpleTableViewController/Pods-SimpleTableViewController-frameworks.sh\"\n";
			showEnvVarsInLog = 0;
		};
/* End PBXShellScriptBuildPhase section */

/* Begin PBXSourcesBuildPhase section */
		D4B42BC62639179A00446B17 /* Sources */ = {
			isa = PBXSourcesBuildPhase;
			buildActionMask = 2147483647;
			files = (
				D4B42BD22639179A00446B17 /* ViewController.swift in Sources */,
				D4B42BCE2639179A00446B17 /* AppDelegate.swift in Sources */,
				D4B42C04263917D500446B17 /* SimpleTableViewController.swift in Sources */,
				D4B42C1926391A7E00446B17 /* TestModel.swift in Sources */,
				D4B42C2126391A9800446B17 /* TestTableViewCell.swift in Sources */,
				D4B42C2726391AF400446B17 /* LocalStorageManager.swift in Sources */,
			);
			runOnlyForDeploymentPostprocessing = 0;
		};
		D4B42BDC2639179D00446B17 /* Sources */ = {
			isa = PBXSourcesBuildPhase;
			buildActionMask = 2147483647;
			files = (
				D4B42BE52639179D00446B17 /* SimpleTableViewControllerTests.swift in Sources */,
			);
			runOnlyForDeploymentPostprocessing = 0;
		};
		D4B42BE72639179D00446B17 /* Sources */ = {
			isa = PBXSourcesBuildPhase;
			buildActionMask = 2147483647;
			files = (
				D4B42BF02639179D00446B17 /* SimpleTableViewControllerUITests.swift in Sources */,
			);
			runOnlyForDeploymentPostprocessing = 0;
		};
/* End PBXSourcesBuildPhase section */

/* Begin PBXTargetDependency section */
		D4B42BE22639179D00446B17 /* PBXTargetDependency */ = {
			isa = PBXTargetDependency;
			target = D4B42BC92639179A00446B17 /* SimpleTableViewController */;
			targetProxy = D4B42BE12639179D00446B17 /* PBXContainerItemProxy */;
		};
		D4B42BED2639179D00446B17 /* PBXTargetDependency */ = {
			isa = PBXTargetDependency;
			target = D4B42BC92639179A00446B17 /* SimpleTableViewController */;
			targetProxy = D4B42BEC2639179D00446B17 /* PBXContainerItemProxy */;
		};
/* End PBXTargetDependency section */

/* Begin PBXVariantGroup section */
		D4B42BD32639179A00446B17 /* Main.storyboard */ = {
			isa = PBXVariantGroup;
			children = (
				D4B42BD42639179A00446B17 /* Base */,
			);
			name = Main.storyboard;
			sourceTree = "<group>";
		};
		D4B42BD82639179D00446B17 /* LaunchScreen.storyboard */ = {
			isa = PBXVariantGroup;
			children = (
				D4B42BD92639179D00446B17 /* Base */,
			);
			name = LaunchScreen.storyboard;
			sourceTree = "<group>";
		};
/* End PBXVariantGroup section */

/* Begin XCBuildConfiguration section */
		D4B42BF22639179D00446B17 /* Debug */ = {
			isa = XCBuildConfiguration;
			buildSettings = {
				ALWAYS_SEARCH_USER_PATHS = NO;
				CLANG_ANALYZER_NONNULL = YES;
				CLANG_ANALYZER_NUMBER_OBJECT_CONVERSION = YES_AGGRESSIVE;
				CLANG_CXX_LANGUAGE_STANDARD = "gnu++14";
				CLANG_CXX_LIBRARY = "libc++";
				CLANG_ENABLE_MODULES = YES;
				CLANG_ENABLE_OBJC_ARC = YES;
				CLANG_ENABLE_OBJC_WEAK = YES;
				CLANG_WARN_BLOCK_CAPTURE_AUTORELEASING = YES;
				CLANG_WARN_BOOL_CONVERSION = YES;
				CLANG_WARN_COMMA = YES;
				CLANG_WARN_CONSTANT_CONVERSION = YES;
				CLANG_WARN_DEPRECATED_OBJC_IMPLEMENTATIONS = YES;
				CLANG_WARN_DIRECT_OBJC_ISA_USAGE = YES_ERROR;
				CLANG_WARN_DOCUMENTATION_COMMENTS = YES;
				CLANG_WARN_EMPTY_BODY = YES;
				CLANG_WARN_ENUM_CONVERSION = YES;
				CLANG_WARN_INFINITE_RECURSION = YES;
				CLANG_WARN_INT_CONVERSION = YES;
				CLANG_WARN_NON_LITERAL_NULL_CONVERSION = YES;
				CLANG_WARN_OBJC_IMPLICIT_RETAIN_SELF = YES;
				CLANG_WARN_OBJC_LITERAL_CONVERSION = YES;
				CLANG_WARN_OBJC_ROOT_CLASS = YES_ERROR;
				CLANG_WARN_QUOTED_INCLUDE_IN_FRAMEWORK_HEADER = YES;
				CLANG_WARN_RANGE_LOOP_ANALYSIS = YES;
				CLANG_WARN_STRICT_PROTOTYPES = YES;
				CLANG_WARN_SUSPICIOUS_MOVE = YES;
				CLANG_WARN_UNGUARDED_AVAILABILITY = YES_AGGRESSIVE;
				CLANG_WARN_UNREACHABLE_CODE = YES;
				CLANG_WARN__DUPLICATE_METHOD_MATCH = YES;
				COPY_PHASE_STRIP = NO;
				DEBUG_INFORMATION_FORMAT = dwarf;
				ENABLE_STRICT_OBJC_MSGSEND = YES;
				ENABLE_TESTABILITY = YES;
				GCC_C_LANGUAGE_STANDARD = gnu11;
				GCC_DYNAMIC_NO_PIC = NO;
				GCC_NO_COMMON_BLOCKS = YES;
				GCC_OPTIMIZATION_LEVEL = 0;
				GCC_PREPROCESSOR_DEFINITIONS = (
					"DEBUG=1",
					"$(inherited)",
				);
				GCC_WARN_64_TO_32_BIT_CONVERSION = YES;
				GCC_WARN_ABOUT_RETURN_TYPE = YES_ERROR;
				GCC_WARN_UNDECLARED_SELECTOR = YES;
				GCC_WARN_UNINITIALIZED_AUTOS = YES_AGGRESSIVE;
				GCC_WARN_UNUSED_FUNCTION = YES;
				GCC_WARN_UNUSED_VARIABLE = YES;
				IPHONEOS_DEPLOYMENT_TARGET = 14.3;
				MTL_ENABLE_DEBUG_INFO = INCLUDE_SOURCE;
				MTL_FAST_MATH = YES;
				ONLY_ACTIVE_ARCH = YES;
				SDKROOT = iphoneos;
				SWIFT_ACTIVE_COMPILATION_CONDITIONS = DEBUG;
				SWIFT_OPTIMIZATION_LEVEL = "-Onone";
			};
			name = Debug;
		};
		D4B42BF32639179D00446B17 /* Release */ = {
			isa = XCBuildConfiguration;
			buildSettings = {
				ALWAYS_SEARCH_USER_PATHS = NO;
				CLANG_ANALYZER_NONNULL = YES;
				CLANG_ANALYZER_NUMBER_OBJECT_CONVERSION = YES_AGGRESSIVE;
				CLANG_CXX_LANGUAGE_STANDARD = "gnu++14";
				CLANG_CXX_LIBRARY = "libc++";
				CLANG_ENABLE_MODULES = YES;
				CLANG_ENABLE_OBJC_ARC = YES;
				CLANG_ENABLE_OBJC_WEAK = YES;
				CLANG_WARN_BLOCK_CAPTURE_AUTORELEASING = YES;
				CLANG_WARN_BOOL_CONVERSION = YES;
				CLANG_WARN_COMMA = YES;
				CLANG_WARN_CONSTANT_CONVERSION = YES;
				CLANG_WARN_DEPRECATED_OBJC_IMPLEMENTATIONS = YES;
				CLANG_WARN_DIRECT_OBJC_ISA_USAGE = YES_ERROR;
				CLANG_WARN_DOCUMENTATION_COMMENTS = YES;
				CLANG_WARN_EMPTY_BODY = YES;
				CLANG_WARN_ENUM_CONVERSION = YES;
				CLANG_WARN_INFINITE_RECURSION = YES;
				CLANG_WARN_INT_CONVERSION = YES;
				CLANG_WARN_NON_LITERAL_NULL_CONVERSION = YES;
				CLANG_WARN_OBJC_IMPLICIT_RETAIN_SELF = YES;
				CLANG_WARN_OBJC_LITERAL_CONVERSION = YES;
				CLANG_WARN_OBJC_ROOT_CLASS = YES_ERROR;
				CLANG_WARN_QUOTED_INCLUDE_IN_FRAMEWORK_HEADER = YES;
				CLANG_WARN_RANGE_LOOP_ANALYSIS = YES;
				CLANG_WARN_STRICT_PROTOTYPES = YES;
				CLANG_WARN_SUSPICIOUS_MOVE = YES;
				CLANG_WARN_UNGUARDED_AVAILABILITY = YES_AGGRESSIVE;
				CLANG_WARN_UNREACHABLE_CODE = YES;
				CLANG_WARN__DUPLICATE_METHOD_MATCH = YES;
				COPY_PHASE_STRIP = NO;
				DEBUG_INFORMATION_FORMAT = "dwarf-with-dsym";
				ENABLE_NS_ASSERTIONS = NO;
				ENABLE_STRICT_OBJC_MSGSEND = YES;
				GCC_C_LANGUAGE_STANDARD = gnu11;
				GCC_NO_COMMON_BLOCKS = YES;
				GCC_WARN_64_TO_32_BIT_CONVERSION = YES;
				GCC_WARN_ABOUT_RETURN_TYPE = YES_ERROR;
				GCC_WARN_UNDECLARED_SELECTOR = YES;
				GCC_WARN_UNINITIALIZED_AUTOS = YES_AGGRESSIVE;
				GCC_WARN_UNUSED_FUNCTION = YES;
				GCC_WARN_UNUSED_VARIABLE = YES;
				IPHONEOS_DEPLOYMENT_TARGET = 14.3;
				MTL_ENABLE_DEBUG_INFO = NO;
				MTL_FAST_MATH = YES;
				SDKROOT = iphoneos;
				SWIFT_COMPILATION_MODE = wholemodule;
				SWIFT_OPTIMIZATION_LEVEL = "-O";
				VALIDATE_PRODUCT = YES;
			};
			name = Release;
		};
		D4B42BF52639179D00446B17 /* Debug */ = {
			isa = XCBuildConfiguration;
			baseConfigurationReference = F90C42EF91E04623FE52A619 /* Pods-SimpleTableViewController.debug.xcconfig */;
			buildSettings = {
				ASSETCATALOG_COMPILER_APPICON_NAME = AppIcon;
				ASSETCATALOG_COMPILER_GLOBAL_ACCENT_COLOR_NAME = AccentColor;
				CODE_SIGN_STYLE = Automatic;
				INFOPLIST_FILE = SimpleTableViewController/Info.plist;
				LD_RUNPATH_SEARCH_PATHS = (
					"$(inherited)",
					"@executable_path/Frameworks",
				);
				PRODUCT_BUNDLE_IDENTIFIER = com.zerry.SimpleTableViewController;
				PRODUCT_NAME = "$(TARGET_NAME)";
				SWIFT_VERSION = 5.0;
				TARGETED_DEVICE_FAMILY = "1,2";
			};
			name = Debug;
		};
		D4B42BF62639179D00446B17 /* Release */ = {
			isa = XCBuildConfiguration;
			baseConfigurationReference = A41C7B887ECAAE656A4FE04B /* Pods-SimpleTableViewController.release.xcconfig */;
			buildSettings = {
				ASSETCATALOG_COMPILER_APPICON_NAME = AppIcon;
				ASSETCATALOG_COMPILER_GLOBAL_ACCENT_COLOR_NAME = AccentColor;
				CODE_SIGN_STYLE = Automatic;
				INFOPLIST_FILE = SimpleTableViewController/Info.plist;
				LD_RUNPATH_SEARCH_PATHS = (
					"$(inherited)",
					"@executable_path/Frameworks",
				);
				PRODUCT_BUNDLE_IDENTIFIER = com.zerry.SimpleTableViewController;
				PRODUCT_NAME = "$(TARGET_NAME)";
				SWIFT_VERSION = 5.0;
				TARGETED_DEVICE_FAMILY = "1,2";
			};
			name = Release;
		};
		D4B42BF82639179D00446B17 /* Debug */ = {
			isa = XCBuildConfiguration;
			buildSettings = {
				ALWAYS_EMBED_SWIFT_STANDARD_LIBRARIES = YES;
				BUNDLE_LOADER = "$(TEST_HOST)";
				CODE_SIGN_STYLE = Automatic;
				INFOPLIST_FILE = SimpleTableViewControllerTests/Info.plist;
				IPHONEOS_DEPLOYMENT_TARGET = 14.3;
				LD_RUNPATH_SEARCH_PATHS = (
					"$(inherited)",
					"@executable_path/Frameworks",
					"@loader_path/Frameworks",
				);
				PRODUCT_BUNDLE_IDENTIFIER = com.zerry.SimpleTableViewControllerTests;
				PRODUCT_NAME = "$(TARGET_NAME)";
				SWIFT_VERSION = 5.0;
				TARGETED_DEVICE_FAMILY = "1,2";
				TEST_HOST = "$(BUILT_PRODUCTS_DIR)/SimpleTableViewController.app/SimpleTableViewController";
			};
			name = Debug;
		};
		D4B42BF92639179D00446B17 /* Release */ = {
			isa = XCBuildConfiguration;
			buildSettings = {
				ALWAYS_EMBED_SWIFT_STANDARD_LIBRARIES = YES;
				BUNDLE_LOADER = "$(TEST_HOST)";
				CODE_SIGN_STYLE = Automatic;
				INFOPLIST_FILE = SimpleTableViewControllerTests/Info.plist;
				IPHONEOS_DEPLOYMENT_TARGET = 14.3;
				LD_RUNPATH_SEARCH_PATHS = (
					"$(inherited)",
					"@executable_path/Frameworks",
					"@loader_path/Frameworks",
				);
				PRODUCT_BUNDLE_IDENTIFIER = com.zerry.SimpleTableViewControllerTests;
				PRODUCT_NAME = "$(TARGET_NAME)";
				SWIFT_VERSION = 5.0;
				TARGETED_DEVICE_FAMILY = "1,2";
				TEST_HOST = "$(BUILT_PRODUCTS_DIR)/SimpleTableViewController.app/SimpleTableViewController";
			};
			name = Release;
		};
		D4B42BFB2639179D00446B17 /* Debug */ = {
			isa = XCBuildConfiguration;
			buildSettings = {
				ALWAYS_EMBED_SWIFT_STANDARD_LIBRARIES = YES;
				CODE_SIGN_STYLE = Automatic;
				INFOPLIST_FILE = SimpleTableViewControllerUITests/Info.plist;
				LD_RUNPATH_SEARCH_PATHS = (
					"$(inherited)",
					"@executable_path/Frameworks",
					"@loader_path/Frameworks",
				);
				PRODUCT_BUNDLE_IDENTIFIER = com.zerry.SimpleTableViewControllerUITests;
				PRODUCT_NAME = "$(TARGET_NAME)";
				SWIFT_VERSION = 5.0;
				TARGETED_DEVICE_FAMILY = "1,2";
				TEST_TARGET_NAME = SimpleTableViewController;
			};
			name = Debug;
		};
		D4B42BFC2639179D00446B17 /* Release */ = {
			isa = XCBuildConfiguration;
			buildSettings = {
				ALWAYS_EMBED_SWIFT_STANDARD_LIBRARIES = YES;
				CODE_SIGN_STYLE = Automatic;
				INFOPLIST_FILE = SimpleTableViewControllerUITests/Info.plist;
				LD_RUNPATH_SEARCH_PATHS = (
					"$(inherited)",
					"@executable_path/Frameworks",
					"@loader_path/Frameworks",
				);
				PRODUCT_BUNDLE_IDENTIFIER = com.zerry.SimpleTableViewControllerUITests;
				PRODUCT_NAME = "$(TARGET_NAME)";
				SWIFT_VERSION = 5.0;
				TARGETED_DEVICE_FAMILY = "1,2";
				TEST_TARGET_NAME = SimpleTableViewController;
			};
			name = Release;
		};
/* End XCBuildConfiguration section */

/* Begin XCConfigurationList section */
		D4B42BC52639179A00446B17 /* Build configuration list for PBXProject "SimpleTableViewController" */ = {
			isa = XCConfigurationList;
			buildConfigurations = (
				D4B42BF22639179D00446B17 /* Debug */,
				D4B42BF32639179D00446B17 /* Release */,
			);
			defaultConfigurationIsVisible = 0;
			defaultConfigurationName = Release;
		};
		D4B42BF42639179D00446B17 /* Build configuration list for PBXNativeTarget "SimpleTableViewController" */ = {
			isa = XCConfigurationList;
			buildConfigurations = (
				D4B42BF52639179D00446B17 /* Debug */,
				D4B42BF62639179D00446B17 /* Release */,
			);
			defaultConfigurationIsVisible = 0;
			defaultConfigurationName = Release;
		};
		D4B42BF72639179D00446B17 /* Build configuration list for PBXNativeTarget "SimpleTableViewControllerTests" */ = {
			isa = XCConfigurationList;
			buildConfigurations = (
				D4B42BF82639179D00446B17 /* Debug */,
				D4B42BF92639179D00446B17 /* Release */,
			);
			defaultConfigurationIsVisible = 0;
			defaultConfigurationName = Release;
		};
		D4B42BFA2639179D00446B17 /* Build configuration list for PBXNativeTarget "SimpleTableViewControllerUITests" */ = {
			isa = XCConfigurationList;
			buildConfigurations = (
				D4B42BFB2639179D00446B17 /* Debug */,
				D4B42BFC2639179D00446B17 /* Release */,
			);
			defaultConfigurationIsVisible = 0;
			defaultConfigurationName = Release;
		};
/* End XCConfigurationList section */
	};
	rootObject = D4B42BC22639179A00446B17 /* Project object */;
}
